
Microsoft Visual Studio Solution File, Format Version 12.00
# Visual Studio Version 17
VisualStudioVersion = 17.14.36310.24 d17.14
MinimumVisualStudioVersion = 10.0.40219.1
Project("{2150E333-8FDC-42A3-9474-1A3956D46DE8}") = "src", "src", "{02EA681E-C7D8-13C7-8484-4AC65E1B71E8}"
EndProject
Project("{2150E333-8FDC-42A3-9474-1A3956D46DE8}") = "tests", "tests", "{CBF68B8F-C6DA-4A7E-A867-C9E202561D2F}"
EndProject
Project("{2150E333-8FDC-42A3-9474-1A3956D46DE8}") = "docs", "docs", "{D76B15BB-2009-4C51-A9AB-3E558128EAA1}"
EndProject
Project("{2150E333-8FDC-42A3-9474-1A3956D46DE8}") = "CurrencyService", "CurrencyService", "{081A993A-E344-47C6-9440-32BB637F6A1C}"
EndProject
Project("{2150E333-8FDC-42A3-9474-1A3956D46DE8}") = "UserService", "UserService", "{2BE2400B-AC2C-4218-A8BD-E96949106A31}"
EndProject
Project("{2150E333-8FDC-42A3-9474-1A3956D46DE8}") = "Presentation", "Presentation", "{FE8DC139-F4AA-460E-9EE5-BE74B0953AC7}"
EndProject
Project("{2150E333-8FDC-42A3-9474-1A3956D46DE8}") = "Domain", "Domain", "{33FCC63E-12BC-43C9-98A7-E34A32931639}"
EndProject
Project("{2150E333-8FDC-42A3-9474-1A3956D46DE8}") = "Application", "Application", "{F16E62E8-A68B-481B-A2CF-B55629A8F7A3}"
EndProject
Project("{2150E333-8FDC-42A3-9474-1A3956D46DE8}") = "Infrastructure", "Infrastructure", "{AB7EDB00-5289-4578-9ECD-FC555F0FBB71}"
EndProject
Project("{2150E333-8FDC-42A3-9474-1A3956D46DE8}") = "Application", "Application", "{C405D9A7-88C8-492F-B42E-E5D0EA689A26}"
EndProject
Project("{2150E333-8FDC-42A3-9474-1A3956D46DE8}") = "Domain", "Domain", "{C5FDBD53-FA1F-4279-8BF9-B2F186085CE0}"
EndProject
Project("{2150E333-8FDC-42A3-9474-1A3956D46DE8}") = "Infrastructure", "Infrastructure", "{9CAE140F-C783-4755-9EC5-A9E5F84B6052}"
EndProject
Project("{2150E333-8FDC-42A3-9474-1A3956D46DE8}") = "Presentation", "Presentation", "{BD5ABD47-7901-49AC-8A7E-80A8A0F693A9}"
EndProject
Project("{FAE04EC0-301F-11D3-BF4B-00C04F79EFBC}") = "TrueCode.UserService.Users", "src\UserService\Domain\TrueCode.UserService.Users\TrueCode.UserService.Users.csproj", "{FDBC0A74-EBD0-4C2D-9090-5C908FC29261}"
EndProject
Project("{FAE04EC0-301F-11D3-BF4B-00C04F79EFBC}") = "TrueCode.CurrencyService.Currencies", "src\CurrencyService\Domain\TrueCode.CurrencyService.Currencies\TrueCode.CurrencyService.Currencies.csproj", "{2658FC62-3D17-4646-BBC6-76CD19AA7165}"
EndProject
Global
	GlobalSection(SolutionConfigurationPlatforms) = preSolution
		Debug|Any CPU = Debug|Any CPU
		Release|Any CPU = Release|Any CPU
	EndGlobalSection
	GlobalSection(ProjectConfigurationPlatforms) = postSolution
		{FDBC0A74-EBD0-4C2D-9090-5C908FC29261}.Debug|Any CPU.ActiveCfg = Debug|Any CPU
		{FDBC0A74-EBD0-4C2D-9090-5C908FC29261}.Debug|Any CPU.Build.0 = Debug|Any CPU
		{FDBC0A74-EBD0-4C2D-9090-5C908FC29261}.Release|Any CPU.ActiveCfg = Release|Any CPU
		{FDBC0A74-EBD0-4C2D-9090-5C908FC29261}.Release|Any CPU.Build.0 = Release|Any CPU
		{2658FC62-3D17-4646-BBC6-76CD19AA7165}.Debug|Any CPU.ActiveCfg = Debug|Any CPU
		{2658FC62-3D17-4646-BBC6-76CD19AA7165}.Debug|Any CPU.Build.0 = Debug|Any CPU
		{2658FC62-3D17-4646-BBC6-76CD19AA7165}.Release|Any CPU.ActiveCfg = Release|Any CPU
		{2658FC62-3D17-4646-BBC6-76CD19AA7165}.Release|Any CPU.Build.0 = Release|Any CPU
	EndGlobalSection
	GlobalSection(SolutionProperties) = preSolution
		HideSolutionNode = FALSE
	EndGlobalSection
	GlobalSection(NestedProjects) = preSolution
		{081A993A-E344-47C6-9440-32BB637F6A1C} = {02EA681E-C7D8-13C7-8484-4AC65E1B71E8}
		{2BE2400B-AC2C-4218-A8BD-E96949106A31} = {02EA681E-C7D8-13C7-8484-4AC65E1B71E8}
		{FE8DC139-F4AA-460E-9EE5-BE74B0953AC7} = {081A993A-E344-47C6-9440-32BB637F6A1C}
		{33FCC63E-12BC-43C9-98A7-E34A32931639} = {081A993A-E344-47C6-9440-32BB637F6A1C}
		{F16E62E8-A68B-481B-A2CF-B55629A8F7A3} = {081A993A-E344-47C6-9440-32BB637F6A1C}
		{AB7EDB00-5289-4578-9ECD-FC555F0FBB71} = {081A993A-E344-47C6-9440-32BB637F6A1C}
		{C405D9A7-88C8-492F-B42E-E5D0EA689A26} = {2BE2400B-AC2C-4218-A8BD-E96949106A31}
		{C5FDBD53-FA1F-4279-8BF9-B2F186085CE0} = {2BE2400B-AC2C-4218-A8BD-E96949106A31}
		{9CAE140F-C783-4755-9EC5-A9E5F84B6052} = {2BE2400B-AC2C-4218-A8BD-E96949106A31}
		{BD5ABD47-7901-49AC-8A7E-80A8A0F693A9} = {2BE2400B-AC2C-4218-A8BD-E96949106A31}
		{FDBC0A74-EBD0-4C2D-9090-5C908FC29261} = {C5FDBD53-FA1F-4279-8BF9-B2F186085CE0}
		{2658FC62-3D17-4646-BBC6-76CD19AA7165} = {33FCC63E-12BC-43C9-98A7-E34A32931639}
	EndGlobalSection
	GlobalSection(ExtensibilityGlobals) = postSolution
		SolutionGuid = {C6CD9DFC-4D09-4067-85AA-3EE50BEACB5A}
	EndGlobalSection
EndGlobal
