
Microsoft Visual Studio Solution File, Format Version 12.00
# Visual Studio Version 17
VisualStudioVersion = 17.14.36310.24
MinimumVisualStudioVersion = 10.0.40219.1
Project("{2150E333-8FDC-42A3-9474-1A3956D46DE8}") = "src", "src", "{02EA681E-C7D8-13C7-8484-4AC65E1B71E8}"
EndProject
Project("{2150E333-8FDC-42A3-9474-1A3956D46DE8}") = "tests", "tests", "{CBF68B8F-C6DA-4A7E-A867-C9E202561D2F}"
EndProject
Project("{2150E333-8FDC-42A3-9474-1A3956D46DE8}") = "docs", "docs", "{D76B15BB-2009-4C51-A9AB-3E558128EAA1}"
EndProject
Project("{2150E333-8FDC-42A3-9474-1A3956D46DE8}") = "CurrencyService", "CurrencyService", "{081A993A-E344-47C6-9440-32BB637F6A1C}"
EndProject
Project("{2150E333-8FDC-42A3-9474-1A3956D46DE8}") = "UserService", "UserService", "{2BE2400B-AC2C-4218-A8BD-E96949106A31}"
EndProject
Project("{2150E333-8FDC-42A3-9474-1A3956D46DE8}") = "Presentation", "Presentation", "{FE8DC139-F4AA-460E-9EE5-BE74B0953AC7}"
EndProject
Project("{2150E333-8FDC-42A3-9474-1A3956D46DE8}") = "Domain", "Domain", "{33FCC63E-12BC-43C9-98A7-E34A32931639}"
EndProject
Project("{2150E333-8FDC-42A3-9474-1A3956D46DE8}") = "Application", "Application", "{F16E62E8-A68B-481B-A2CF-B55629A8F7A3}"
EndProject
Project("{2150E333-8FDC-42A3-9474-1A3956D46DE8}") = "Infrastructure", "Infrastructure", "{AB7EDB00-5289-4578-9ECD-FC555F0FBB71}"
EndProject
Project("{2150E333-8FDC-42A3-9474-1A3956D46DE8}") = "Application", "Application", "{C405D9A7-88C8-492F-B42E-E5D0EA689A26}"
EndProject
Project("{2150E333-8FDC-42A3-9474-1A3956D46DE8}") = "Domain", "Domain", "{C5FDBD53-FA1F-4279-8BF9-B2F186085CE0}"
EndProject
Project("{2150E333-8FDC-42A3-9474-1A3956D46DE8}") = "Infrastructure", "Infrastructure", "{9CAE140F-C783-4755-9EC5-A9E5F84B6052}"
EndProject
Project("{2150E333-8FDC-42A3-9474-1A3956D46DE8}") = "Presentation", "Presentation", "{BD5ABD47-7901-49AC-8A7E-80A8A0F693A9}"
EndProject
Project("{FAE04EC0-301F-11D3-BF4B-00C04F79EFBC}") = "TrueCode.UserService.Users", "src\UserService\Domain\TrueCode.UserService.Users\TrueCode.UserService.Users.csproj", "{FDBC0A74-EBD0-4C2D-9090-5C908FC29261}"
EndProject
Project("{FAE04EC0-301F-11D3-BF4B-00C04F79EFBC}") = "TrueCode.CurrencyService.Currencies", "src\CurrencyService\Domain\TrueCode.CurrencyService.Currencies\TrueCode.CurrencyService.Currencies.csproj", "{2658FC62-3D17-4646-BBC6-76CD19AA7165}"
EndProject
Project("{FAE04EC0-301F-11D3-BF4B-00C04F79EFBC}") = "TrueCode.CurrencyService.UseCases", "src\CurrencyService\Application\TrueCode.CurrencyService.UseCases\TrueCode.CurrencyService.UseCases.csproj", "{A0DEBD82-6D1C-40C0-BA9D-C1C653EF032B}"
EndProject
Project("{FAE04EC0-301F-11D3-BF4B-00C04F79EFBC}") = "TrueCode.CurrencyService.Data", "src\CurrencyService\Infrastructure\TrueCode.CurrencyService.Data\TrueCode.CurrencyService.Data.csproj", "{3C0F7918-8154-4E39-B416-23F34CDD3EF9}"
EndProject
Project("{FAE04EC0-301F-11D3-BF4B-00C04F79EFBC}") = "TrueCode.CurrencyService.Api", "src\CurrencyService\Presentation\TrueCode.CurrencyService.Api\TrueCode.CurrencyService.Api.csproj", "{E5FAAF54-39CD-4E61-A698-0ADB588692FF}"
EndProject
Project("{E53339B2-1760-4266-BCC7-CA923CBCF16C}") = "docker-compose", "docker-compose.dcproj", "{81DDED9D-158B-E303-5F62-77A2896D2A5A}"
EndProject
Project("{FAE04EC0-301F-11D3-BF4B-00C04F79EFBC}") = "TrueCode.CurrencyService.Configuration", "src\CurrencyService\Infrastructure\TrueCode.CurrencyService.Configuration\TrueCode.CurrencyService.Configuration.csproj", "{D79DAF41-F4FE-4630-8207-A12E5C1B277E}"
EndProject
Project("{2150E333-8FDC-42A3-9474-1A3956D46DE8}") = "Gateway", "Gateway", "{B2214A7D-100C-46D5-8BBA-BCEB8BD99F99}"
EndProject
Project("{2150E333-8FDC-42A3-9474-1A3956D46DE8}") = "Application", "Application", "{FBA0D6E6-B2E2-4A27-A584-DEF50F1FBAF6}"
EndProject
Project("{2150E333-8FDC-42A3-9474-1A3956D46DE8}") = "Presentation", "Presentation", "{2B70EBC9-2C73-43E1-85E1-31CD6699AEEA}"
EndProject
Project("{2150E333-8FDC-42A3-9474-1A3956D46DE8}") = "Infrastructure", "Infrastructure", "{701031A2-E43F-460C-A381-7998CE76869A}"
EndProject
Project("{FAE04EC0-301F-11D3-BF4B-00C04F79EFBC}") = "TrueCode.Gateway.Api", "src\Gateway\Presentation\TrueCode.Gateway.Api\TrueCode.Gateway.Api.csproj", "{E3765AC3-1B19-4D23-A4BC-C9E414590EE5}"
EndProject
Project("{FAE04EC0-301F-11D3-BF4B-00C04F79EFBC}") = "TrueCode.Gateway.CurrencyClient", "src\Gateway\Infrastructure\TrueCode.Gateway.CurrencyClient\TrueCode.Gateway.CurrencyClient.csproj", "{292FB3AD-7C98-4C7E-906A-0E59C31A1D0D}"
EndProject
Project("{2150E333-8FDC-42A3-9474-1A3956D46DE8}") = "Solution Items", "Solution Items", "{8EC462FD-D22E-90A8-E5CE-7E832BA40C5D}"
EndProject
Project("{FAE04EC0-301F-11D3-BF4B-00C04F79EFBC}") = "TrueCode.Gateway.UseCases", "src\Gateway\Application\TrueCode.Gateway.UseCases\TrueCode.Gateway.UseCases.csproj", "{573A542D-64C1-49A5-8D79-6D93868ADD7C}"
EndProject
Project("{FAE04EC0-301F-11D3-BF4B-00C04F79EFBC}") = "TrueCode.Gateway.Configuration", "src\Gateway\Infrastructure\TrueCode.Gateway.Configuration\TrueCode.Gateway.Configuration.csproj", "{3FC14980-D415-4E88-98AC-F02BED97B6A0}"
EndProject
Project("{FAE04EC0-301F-11D3-BF4B-00C04F79EFBC}") = "TrueCode.CurrencyService.CurrencyUpdater", "src\CurrencyService\Presentation\TrueCode.CurrencyService.CurrencyUpdater\TrueCode.CurrencyService.CurrencyUpdater.csproj", "{1167C049-D25D-4740-BF85-DBE4A8049860}"
EndProject
Project("{FAE04EC0-301F-11D3-BF4B-00C04F79EFBC}") = "TrueCode.CurrencyService.RateClient", "src\CurrencyService\Infrastructure\TrueCode.CurrencyService.RateClient\TrueCode.CurrencyService.RateClient.csproj", "{ABE0A1FD-8E29-4409-A3C3-F8F95B9B8AE7}"
EndProject
Project("{FAE04EC0-301F-11D3-BF4B-00C04F79EFBC}") = "TrueCode.CurrencyService.Models", "src\CurrencyService\Application\TrueCode.CurrencyService.Models\TrueCode.CurrencyService.Models.csproj", "{7B22AA8F-68F2-46AD-A368-08DAFDF6D48B}"
EndProject
Project("{FAE04EC0-301F-11D3-BF4B-00C04F79EFBC}") = "TrueCode.UserService.Data", "src\UserService\Infrastructure\TrueCode.UserService.Data\TrueCode.UserService.Data.csproj", "{A53F1BFB-6512-4052-8F55-83424FA8A373}"
EndProject
Project("{FAE04EC0-301F-11D3-BF4B-00C04F79EFBC}") = "TrueCode.UserService.UseCases", "src\UserService\Application\TrueCode.UserService.UseCases\TrueCode.UserService.UseCases.csproj", "{40D60F43-1D0D-47B0-A549-15209E4E0252}"
EndProject
Project("{FAE04EC0-301F-11D3-BF4B-00C04F79EFBC}") = "TrueCode.UserService.Api", "src\UserService\Presentation\TrueCode.UserService.Api\TrueCode.UserService.Api.csproj", "{41CD3E52-14D0-4274-BB0B-CD208F137C3C}"
EndProject
Project("{FAE04EC0-301F-11D3-BF4B-00C04F79EFBC}") = "TrueCode.UserService.Configuration", "src\UserService\Infrastructure\TrueCode.UserService.Configuration\TrueCode.UserService.Configuration.csproj", "{8048137B-4D65-477D-B602-DB10F2D5D59D}"
EndProject
Project("{FAE04EC0-301F-11D3-BF4B-00C04F79EFBC}") = "TrueCode.Gateway.UserClient", "src\Gateway\Infrastructure\TrueCode.Gateway.UserClient\TrueCode.Gateway.UserClient.csproj", "{3A3EE8E4-C93F-4C76-B497-0A7814B4F66E}"
EndProject
Project("{FAE04EC0-301F-11D3-BF4B-00C04F79EFBC}") = "TrueCode.CurrencyService.Currencies.UnitTests", "tests\TrueCode.CurrencyService.Currencies.UnitTests\TrueCode.CurrencyService.Currencies.UnitTests.csproj", "{EB283196-6F83-454A-919E-0C24831B07D5}"
EndProject
Global
	GlobalSection(SolutionConfigurationPlatforms) = preSolution
		Debug|Any CPU = Debug|Any CPU
		Release|Any CPU = Release|Any CPU
	EndGlobalSection
	GlobalSection(ProjectConfigurationPlatforms) = postSolution
		{FDBC0A74-EBD0-4C2D-9090-5C908FC29261}.Debug|Any CPU.ActiveCfg = Debug|Any CPU
		{FDBC0A74-EBD0-4C2D-9090-5C908FC29261}.Debug|Any CPU.Build.0 = Debug|Any CPU
		{FDBC0A74-EBD0-4C2D-9090-5C908FC29261}.Release|Any CPU.ActiveCfg = Release|Any CPU
		{FDBC0A74-EBD0-4C2D-9090-5C908FC29261}.Release|Any CPU.Build.0 = Release|Any CPU
		{2658FC62-3D17-4646-BBC6-76CD19AA7165}.Debug|Any CPU.ActiveCfg = Debug|Any CPU
		{2658FC62-3D17-4646-BBC6-76CD19AA7165}.Debug|Any CPU.Build.0 = Debug|Any CPU
		{2658FC62-3D17-4646-BBC6-76CD19AA7165}.Release|Any CPU.ActiveCfg = Release|Any CPU
		{2658FC62-3D17-4646-BBC6-76CD19AA7165}.Release|Any CPU.Build.0 = Release|Any CPU
		{A0DEBD82-6D1C-40C0-BA9D-C1C653EF032B}.Debug|Any CPU.ActiveCfg = Debug|Any CPU
		{A0DEBD82-6D1C-40C0-BA9D-C1C653EF032B}.Debug|Any CPU.Build.0 = Debug|Any CPU
		{A0DEBD82-6D1C-40C0-BA9D-C1C653EF032B}.Release|Any CPU.ActiveCfg = Release|Any CPU
		{A0DEBD82-6D1C-40C0-BA9D-C1C653EF032B}.Release|Any CPU.Build.0 = Release|Any CPU
		{3C0F7918-8154-4E39-B416-23F34CDD3EF9}.Debug|Any CPU.ActiveCfg = Debug|Any CPU
		{3C0F7918-8154-4E39-B416-23F34CDD3EF9}.Debug|Any CPU.Build.0 = Debug|Any CPU
		{3C0F7918-8154-4E39-B416-23F34CDD3EF9}.Release|Any CPU.ActiveCfg = Release|Any CPU
		{3C0F7918-8154-4E39-B416-23F34CDD3EF9}.Release|Any CPU.Build.0 = Release|Any CPU
		{E5FAAF54-39CD-4E61-A698-0ADB588692FF}.Debug|Any CPU.ActiveCfg = Debug|Any CPU
		{E5FAAF54-39CD-4E61-A698-0ADB588692FF}.Debug|Any CPU.Build.0 = Debug|Any CPU
		{E5FAAF54-39CD-4E61-A698-0ADB588692FF}.Release|Any CPU.ActiveCfg = Release|Any CPU
		{E5FAAF54-39CD-4E61-A698-0ADB588692FF}.Release|Any CPU.Build.0 = Release|Any CPU
		{81DDED9D-158B-E303-5F62-77A2896D2A5A}.Debug|Any CPU.ActiveCfg = Debug|Any CPU
		{81DDED9D-158B-E303-5F62-77A2896D2A5A}.Debug|Any CPU.Build.0 = Debug|Any CPU
		{81DDED9D-158B-E303-5F62-77A2896D2A5A}.Release|Any CPU.ActiveCfg = Release|Any CPU
		{81DDED9D-158B-E303-5F62-77A2896D2A5A}.Release|Any CPU.Build.0 = Release|Any CPU
		{D79DAF41-F4FE-4630-8207-A12E5C1B277E}.Debug|Any CPU.ActiveCfg = Debug|Any CPU
		{D79DAF41-F4FE-4630-8207-A12E5C1B277E}.Debug|Any CPU.Build.0 = Debug|Any CPU
		{D79DAF41-F4FE-4630-8207-A12E5C1B277E}.Release|Any CPU.ActiveCfg = Release|Any CPU
		{D79DAF41-F4FE-4630-8207-A12E5C1B277E}.Release|Any CPU.Build.0 = Release|Any CPU
		{E3765AC3-1B19-4D23-A4BC-C9E414590EE5}.Debug|Any CPU.ActiveCfg = Debug|Any CPU
		{E3765AC3-1B19-4D23-A4BC-C9E414590EE5}.Debug|Any CPU.Build.0 = Debug|Any CPU
		{E3765AC3-1B19-4D23-A4BC-C9E414590EE5}.Release|Any CPU.ActiveCfg = Release|Any CPU
		{E3765AC3-1B19-4D23-A4BC-C9E414590EE5}.Release|Any CPU.Build.0 = Release|Any CPU
		{292FB3AD-7C98-4C7E-906A-0E59C31A1D0D}.Debug|Any CPU.ActiveCfg = Debug|Any CPU
		{292FB3AD-7C98-4C7E-906A-0E59C31A1D0D}.Debug|Any CPU.Build.0 = Debug|Any CPU
		{292FB3AD-7C98-4C7E-906A-0E59C31A1D0D}.Release|Any CPU.ActiveCfg = Release|Any CPU
		{292FB3AD-7C98-4C7E-906A-0E59C31A1D0D}.Release|Any CPU.Build.0 = Release|Any CPU
		{573A542D-64C1-49A5-8D79-6D93868ADD7C}.Debug|Any CPU.ActiveCfg = Debug|Any CPU
		{573A542D-64C1-49A5-8D79-6D93868ADD7C}.Debug|Any CPU.Build.0 = Debug|Any CPU
		{573A542D-64C1-49A5-8D79-6D93868ADD7C}.Release|Any CPU.ActiveCfg = Release|Any CPU
		{573A542D-64C1-49A5-8D79-6D93868ADD7C}.Release|Any CPU.Build.0 = Release|Any CPU
		{3FC14980-D415-4E88-98AC-F02BED97B6A0}.Debug|Any CPU.ActiveCfg = Debug|Any CPU
		{3FC14980-D415-4E88-98AC-F02BED97B6A0}.Debug|Any CPU.Build.0 = Debug|Any CPU
		{3FC14980-D415-4E88-98AC-F02BED97B6A0}.Release|Any CPU.ActiveCfg = Release|Any CPU
		{3FC14980-D415-4E88-98AC-F02BED97B6A0}.Release|Any CPU.Build.0 = Release|Any CPU
		{1167C049-D25D-4740-BF85-DBE4A8049860}.Debug|Any CPU.ActiveCfg = Debug|Any CPU
		{1167C049-D25D-4740-BF85-DBE4A8049860}.Debug|Any CPU.Build.0 = Debug|Any CPU
		{1167C049-D25D-4740-BF85-DBE4A8049860}.Release|Any CPU.ActiveCfg = Release|Any CPU
		{1167C049-D25D-4740-BF85-DBE4A8049860}.Release|Any CPU.Build.0 = Release|Any CPU
		{ABE0A1FD-8E29-4409-A3C3-F8F95B9B8AE7}.Debug|Any CPU.ActiveCfg = Debug|Any CPU
		{ABE0A1FD-8E29-4409-A3C3-F8F95B9B8AE7}.Debug|Any CPU.Build.0 = Debug|Any CPU
		{ABE0A1FD-8E29-4409-A3C3-F8F95B9B8AE7}.Release|Any CPU.ActiveCfg = Release|Any CPU
		{ABE0A1FD-8E29-4409-A3C3-F8F95B9B8AE7}.Release|Any CPU.Build.0 = Release|Any CPU
		{7B22AA8F-68F2-46AD-A368-08DAFDF6D48B}.Debug|Any CPU.ActiveCfg = Debug|Any CPU
		{7B22AA8F-68F2-46AD-A368-08DAFDF6D48B}.Debug|Any CPU.Build.0 = Debug|Any CPU
		{7B22AA8F-68F2-46AD-A368-08DAFDF6D48B}.Release|Any CPU.ActiveCfg = Release|Any CPU
		{7B22AA8F-68F2-46AD-A368-08DAFDF6D48B}.Release|Any CPU.Build.0 = Release|Any CPU
		{A53F1BFB-6512-4052-8F55-83424FA8A373}.Debug|Any CPU.ActiveCfg = Debug|Any CPU
		{A53F1BFB-6512-4052-8F55-83424FA8A373}.Debug|Any CPU.Build.0 = Debug|Any CPU
		{A53F1BFB-6512-4052-8F55-83424FA8A373}.Release|Any CPU.ActiveCfg = Release|Any CPU
		{A53F1BFB-6512-4052-8F55-83424FA8A373}.Release|Any CPU.Build.0 = Release|Any CPU
		{40D60F43-1D0D-47B0-A549-15209E4E0252}.Debug|Any CPU.ActiveCfg = Debug|Any CPU
		{40D60F43-1D0D-47B0-A549-15209E4E0252}.Debug|Any CPU.Build.0 = Debug|Any CPU
		{40D60F43-1D0D-47B0-A549-15209E4E0252}.Release|Any CPU.ActiveCfg = Release|Any CPU
		{40D60F43-1D0D-47B0-A549-15209E4E0252}.Release|Any CPU.Build.0 = Release|Any CPU
		{41CD3E52-14D0-4274-BB0B-CD208F137C3C}.Debug|Any CPU.ActiveCfg = Debug|Any CPU
		{41CD3E52-14D0-4274-BB0B-CD208F137C3C}.Debug|Any CPU.Build.0 = Debug|Any CPU
		{41CD3E52-14D0-4274-BB0B-CD208F137C3C}.Release|Any CPU.ActiveCfg = Release|Any CPU
		{41CD3E52-14D0-4274-BB0B-CD208F137C3C}.Release|Any CPU.Build.0 = Release|Any CPU
		{8048137B-4D65-477D-B602-DB10F2D5D59D}.Debug|Any CPU.ActiveCfg = Debug|Any CPU
		{8048137B-4D65-477D-B602-DB10F2D5D59D}.Debug|Any CPU.Build.0 = Debug|Any CPU
		{8048137B-4D65-477D-B602-DB10F2D5D59D}.Release|Any CPU.ActiveCfg = Release|Any CPU
		{8048137B-4D65-477D-B602-DB10F2D5D59D}.Release|Any CPU.Build.0 = Release|Any CPU
		{3A3EE8E4-C93F-4C76-B497-0A7814B4F66E}.Debug|Any CPU.ActiveCfg = Debug|Any CPU
		{3A3EE8E4-C93F-4C76-B497-0A7814B4F66E}.Debug|Any CPU.Build.0 = Debug|Any CPU
		{3A3EE8E4-C93F-4C76-B497-0A7814B4F66E}.Release|Any CPU.ActiveCfg = Release|Any CPU
		{3A3EE8E4-C93F-4C76-B497-0A7814B4F66E}.Release|Any CPU.Build.0 = Release|Any CPU
		{EB283196-6F83-454A-919E-0C24831B07D5}.Debug|Any CPU.ActiveCfg = Debug|Any CPU
		{EB283196-6F83-454A-919E-0C24831B07D5}.Debug|Any CPU.Build.0 = Debug|Any CPU
		{EB283196-6F83-454A-919E-0C24831B07D5}.Release|Any CPU.ActiveCfg = Release|Any CPU
		{EB283196-6F83-454A-919E-0C24831B07D5}.Release|Any CPU.Build.0 = Release|Any CPU
	EndGlobalSection
	GlobalSection(SolutionProperties) = preSolution
		HideSolutionNode = FALSE
	EndGlobalSection
	GlobalSection(NestedProjects) = preSolution
		{081A993A-E344-47C6-9440-32BB637F6A1C} = {02EA681E-C7D8-13C7-8484-4AC65E1B71E8}
		{2BE2400B-AC2C-4218-A8BD-E96949106A31} = {02EA681E-C7D8-13C7-8484-4AC65E1B71E8}
		{FE8DC139-F4AA-460E-9EE5-BE74B0953AC7} = {081A993A-E344-47C6-9440-32BB637F6A1C}
		{33FCC63E-12BC-43C9-98A7-E34A32931639} = {081A993A-E344-47C6-9440-32BB637F6A1C}
		{F16E62E8-A68B-481B-A2CF-B55629A8F7A3} = {081A993A-E344-47C6-9440-32BB637F6A1C}
		{AB7EDB00-5289-4578-9ECD-FC555F0FBB71} = {081A993A-E344-47C6-9440-32BB637F6A1C}
		{C405D9A7-88C8-492F-B42E-E5D0EA689A26} = {2BE2400B-AC2C-4218-A8BD-E96949106A31}
		{C5FDBD53-FA1F-4279-8BF9-B2F186085CE0} = {2BE2400B-AC2C-4218-A8BD-E96949106A31}
		{9CAE140F-C783-4755-9EC5-A9E5F84B6052} = {2BE2400B-AC2C-4218-A8BD-E96949106A31}
		{BD5ABD47-7901-49AC-8A7E-80A8A0F693A9} = {2BE2400B-AC2C-4218-A8BD-E96949106A31}
		{FDBC0A74-EBD0-4C2D-9090-5C908FC29261} = {C5FDBD53-FA1F-4279-8BF9-B2F186085CE0}
		{2658FC62-3D17-4646-BBC6-76CD19AA7165} = {33FCC63E-12BC-43C9-98A7-E34A32931639}
		{A0DEBD82-6D1C-40C0-BA9D-C1C653EF032B} = {F16E62E8-A68B-481B-A2CF-B55629A8F7A3}
		{3C0F7918-8154-4E39-B416-23F34CDD3EF9} = {AB7EDB00-5289-4578-9ECD-FC555F0FBB71}
		{E5FAAF54-39CD-4E61-A698-0ADB588692FF} = {FE8DC139-F4AA-460E-9EE5-BE74B0953AC7}
		{D79DAF41-F4FE-4630-8207-A12E5C1B277E} = {AB7EDB00-5289-4578-9ECD-FC555F0FBB71}
		{B2214A7D-100C-46D5-8BBA-BCEB8BD99F99} = {02EA681E-C7D8-13C7-8484-4AC65E1B71E8}
		{FBA0D6E6-B2E2-4A27-A584-DEF50F1FBAF6} = {B2214A7D-100C-46D5-8BBA-BCEB8BD99F99}
		{2B70EBC9-2C73-43E1-85E1-31CD6699AEEA} = {B2214A7D-100C-46D5-8BBA-BCEB8BD99F99}
		{701031A2-E43F-460C-A381-7998CE76869A} = {B2214A7D-100C-46D5-8BBA-BCEB8BD99F99}
		{E3765AC3-1B19-4D23-A4BC-C9E414590EE5} = {2B70EBC9-2C73-43E1-85E1-31CD6699AEEA}
		{292FB3AD-7C98-4C7E-906A-0E59C31A1D0D} = {701031A2-E43F-460C-A381-7998CE76869A}
		{573A542D-64C1-49A5-8D79-6D93868ADD7C} = {FBA0D6E6-B2E2-4A27-A584-DEF50F1FBAF6}
		{3FC14980-D415-4E88-98AC-F02BED97B6A0} = {701031A2-E43F-460C-A381-7998CE76869A}
		{1167C049-D25D-4740-BF85-DBE4A8049860} = {FE8DC139-F4AA-460E-9EE5-BE74B0953AC7}
		{ABE0A1FD-8E29-4409-A3C3-F8F95B9B8AE7} = {AB7EDB00-5289-4578-9ECD-FC555F0FBB71}
		{7B22AA8F-68F2-46AD-A368-08DAFDF6D48B} = {F16E62E8-A68B-481B-A2CF-B55629A8F7A3}
		{A53F1BFB-6512-4052-8F55-83424FA8A373} = {9CAE140F-C783-4755-9EC5-A9E5F84B6052}
		{40D60F43-1D0D-47B0-A549-15209E4E0252} = {C405D9A7-88C8-492F-B42E-E5D0EA689A26}
		{41CD3E52-14D0-4274-BB0B-CD208F137C3C} = {BD5ABD47-7901-49AC-8A7E-80A8A0F693A9}
		{8048137B-4D65-477D-B602-DB10F2D5D59D} = {9CAE140F-C783-4755-9EC5-A9E5F84B6052}
		{3A3EE8E4-C93F-4C76-B497-0A7814B4F66E} = {701031A2-E43F-460C-A381-7998CE76869A}
		{EB283196-6F83-454A-919E-0C24831B07D5} = {CBF68B8F-C6DA-4A7E-A867-C9E202561D2F}
	EndGlobalSection
	GlobalSection(ExtensibilityGlobals) = postSolution
		SolutionGuid = {C6CD9DFC-4D09-4067-85AA-3EE50BEACB5A}
	EndGlobalSection
EndGlobal
